
Microsoft Visual Studio Solution File, Format Version 12.00
# Visual Studio Version 16
VisualStudioVersion = 16.0.29519.181
MinimumVisualStudioVersion = 10.0.40219.1
Project("{FAE04EC0-301F-11D3-BF4B-00C04F79EFBC}") = "ASCII Character", "ASCII Character.csproj", "{4361F6FE-B6E0-4ACC-84C7-DA7E73689F77}"
EndProject
Global
	GlobalSection(SolutionConfigurationPlatforms) = preSolution
		Debug|Any CPU = Debug|Any CPU
		Release|Any CPU = Release|Any CPU
	EndGlobalSection
	GlobalSection(ProjectConfigurationPlatforms) = postSolution
		{4361F6FE-B6E0-4ACC-84C7-DA7E73689F77}.Debug|Any CPU.ActiveCfg = Debug|Any CPU
		{4361F6FE-B6E0-4ACC-84C7-DA7E73689F77}.Debug|Any CPU.Build.0 = Debug|Any CPU
		{4361F6FE-B6E0-4ACC-84C7-DA7E73689F77}.Release|Any CPU.ActiveCfg = Release|Any CPU
		{4361F6FE-B6E0-4ACC-84C7-DA7E73689F77}.Release|Any CPU.Build.0 = Release|Any CPU
	EndGlobalSection
	GlobalSection(SolutionProperties) = preSolution
		HideSolutionNode = FALSE
	EndGlobalSection
	GlobalSection(ExtensibilityGlobals) = postSolution
		SolutionGuid = {5E28E215-64EA-418C-B7FC-BA66564607EE}
	EndGlobalSection
EndGlobal
