
Microsoft Visual Studio Solution File, Format Version 12.00
# Visual Studio Version 16
VisualStudioVersion = 16.0.29728.190
MinimumVisualStudioVersion = 10.0.40219.1
Project("{FAE04EC0-301F-11D3-BF4B-00C04F79EFBC}") = "evenoddchecker", "evenoddchecker\evenoddchecker.csproj", "{EDA9A0D0-61A2-49E4-A44E-C048707C87EF}"
EndProject
Global
	GlobalSection(SolutionConfigurationPlatforms) = preSolution
		Debug|Any CPU = Debug|Any CPU
		Release|Any CPU = Release|Any CPU
	EndGlobalSection
	GlobalSection(ProjectConfigurationPlatforms) = postSolution
		{EDA9A0D0-61A2-49E4-A44E-C048707C87EF}.Debug|Any CPU.ActiveCfg = Debug|Any CPU
		{EDA9A0D0-61A2-49E4-A44E-C048707C87EF}.Debug|Any CPU.Build.0 = Debug|Any CPU
		{EDA9A0D0-61A2-49E4-A44E-C048707C87EF}.Release|Any CPU.ActiveCfg = Release|Any CPU
		{EDA9A0D0-61A2-49E4-A44E-C048707C87EF}.Release|Any CPU.Build.0 = Release|Any CPU
	EndGlobalSection
	GlobalSection(SolutionProperties) = preSolution
		HideSolutionNode = FALSE
	EndGlobalSection
	GlobalSection(ExtensibilityGlobals) = postSolution
		SolutionGuid = {3D6D2BB8-ECBD-4663-A235-57D9A4EF7C99}
	EndGlobalSection
EndGlobal
