
Microsoft Visual Studio Solution File, Format Version 12.00
# Visual Studio Version 16
VisualStudioVersion = 16.0.29728.190
MinimumVisualStudioVersion = 10.0.40219.1
Project("{FAE04EC0-301F-11D3-BF4B-00C04F79EFBC}") = "gameapp", "gameapp\gameapp.csproj", "{55F1877D-6E46-4EB7-9473-2C7E7DF7F3C4}"
EndProject
Global
	GlobalSection(SolutionConfigurationPlatforms) = preSolution
		Debug|Any CPU = Debug|Any CPU
		Release|Any CPU = Release|Any CPU
	EndGlobalSection
	GlobalSection(ProjectConfigurationPlatforms) = postSolution
		{55F1877D-6E46-4EB7-9473-2C7E7DF7F3C4}.Debug|Any CPU.ActiveCfg = Debug|Any CPU
		{55F1877D-6E46-4EB7-9473-2C7E7DF7F3C4}.Debug|Any CPU.Build.0 = Debug|Any CPU
		{55F1877D-6E46-4EB7-9473-2C7E7DF7F3C4}.Release|Any CPU.ActiveCfg = Release|Any CPU
		{55F1877D-6E46-4EB7-9473-2C7E7DF7F3C4}.Release|Any CPU.Build.0 = Release|Any CPU
	EndGlobalSection
	GlobalSection(SolutionProperties) = preSolution
		HideSolutionNode = FALSE
	EndGlobalSection
	GlobalSection(ExtensibilityGlobals) = postSolution
		SolutionGuid = {EE17829A-DB9D-43BF-976A-E53882837E90}
	EndGlobalSection
EndGlobal
