
Microsoft Visual Studio Solution File, Format Version 12.00
# Visual Studio Version 16
VisualStudioVersion = 16.0.29905.134
MinimumVisualStudioVersion = 10.0.40219.1
Project("{FAE04EC0-301F-11D3-BF4B-00C04F79EFBC}") = "Employee1", "Employee1\Employee1.csproj", "{25D05ED8-1F52-44C5-A05A-461DC86E71BE}"
EndProject
Global
	GlobalSection(SolutionConfigurationPlatforms) = preSolution
		Debug|Any CPU = Debug|Any CPU
		Release|Any CPU = Release|Any CPU
	EndGlobalSection
	GlobalSection(ProjectConfigurationPlatforms) = postSolution
		{25D05ED8-1F52-44C5-A05A-461DC86E71BE}.Debug|Any CPU.ActiveCfg = Debug|Any CPU
		{25D05ED8-1F52-44C5-A05A-461DC86E71BE}.Debug|Any CPU.Build.0 = Debug|Any CPU
		{25D05ED8-1F52-44C5-A05A-461DC86E71BE}.Release|Any CPU.ActiveCfg = Release|Any CPU
		{25D05ED8-1F52-44C5-A05A-461DC86E71BE}.Release|Any CPU.Build.0 = Release|Any CPU
	EndGlobalSection
	GlobalSection(SolutionProperties) = preSolution
		HideSolutionNode = FALSE
	EndGlobalSection
	GlobalSection(ExtensibilityGlobals) = postSolution
		SolutionGuid = {3140217E-D7A8-4F26-B31B-76841330D6D0}
	EndGlobalSection
EndGlobal
