
Microsoft Visual Studio Solution File, Format Version 12.00
# Visual Studio Version 16
VisualStudioVersion = 16.0.29519.181
MinimumVisualStudioVersion = 10.0.40219.1
Project("{FAE04EC0-301F-11D3-BF4B-00C04F79EFBC}") = "Toggle Cases", "Toggle Cases.csproj", "{1050B243-8EB3-4F7E-843A-007523D1A925}"
EndProject
Global
	GlobalSection(SolutionConfigurationPlatforms) = preSolution
		Debug|Any CPU = Debug|Any CPU
		Release|Any CPU = Release|Any CPU
	EndGlobalSection
	GlobalSection(ProjectConfigurationPlatforms) = postSolution
		{1050B243-8EB3-4F7E-843A-007523D1A925}.Debug|Any CPU.ActiveCfg = Debug|Any CPU
		{1050B243-8EB3-4F7E-843A-007523D1A925}.Debug|Any CPU.Build.0 = Debug|Any CPU
		{1050B243-8EB3-4F7E-843A-007523D1A925}.Release|Any CPU.ActiveCfg = Release|Any CPU
		{1050B243-8EB3-4F7E-843A-007523D1A925}.Release|Any CPU.Build.0 = Release|Any CPU
	EndGlobalSection
	GlobalSection(SolutionProperties) = preSolution
		HideSolutionNode = FALSE
	EndGlobalSection
	GlobalSection(ExtensibilityGlobals) = postSolution
		SolutionGuid = {F5C5A31E-045B-42FC-AC8C-A58D55543537}
	EndGlobalSection
EndGlobal
