
Microsoft Visual Studio Solution File, Format Version 12.00
# Visual Studio Version 16
VisualStudioVersion = 16.0.29806.167
MinimumVisualStudioVersion = 10.0.40219.1
Project("{FAE04EC0-301F-11D3-BF4B-00C04F79EFBC}") = "Math", "Math\Math.csproj", "{613D6F6E-ECD9-45C6-828E-C5E5462B22E7}"
EndProject
Global
	GlobalSection(SolutionConfigurationPlatforms) = preSolution
		Debug|Any CPU = Debug|Any CPU
		Release|Any CPU = Release|Any CPU
	EndGlobalSection
	GlobalSection(ProjectConfigurationPlatforms) = postSolution
		{613D6F6E-ECD9-45C6-828E-C5E5462B22E7}.Debug|Any CPU.ActiveCfg = Debug|Any CPU
		{613D6F6E-ECD9-45C6-828E-C5E5462B22E7}.Debug|Any CPU.Build.0 = Debug|Any CPU
		{613D6F6E-ECD9-45C6-828E-C5E5462B22E7}.Release|Any CPU.ActiveCfg = Release|Any CPU
		{613D6F6E-ECD9-45C6-828E-C5E5462B22E7}.Release|Any CPU.Build.0 = Release|Any CPU
	EndGlobalSection
	GlobalSection(SolutionProperties) = preSolution
		HideSolutionNode = FALSE
	EndGlobalSection
	GlobalSection(ExtensibilityGlobals) = postSolution
		SolutionGuid = {8BA513F2-FAB4-4D6B-959C-D57BB3D3A71E}
	EndGlobalSection
EndGlobal
