
Microsoft Visual Studio Solution File, Format Version 12.00
# Visual Studio Version 16
VisualStudioVersion = 16.0.29728.190
MinimumVisualStudioVersion = 10.0.40219.1
Project("{FAE04EC0-301F-11D3-BF4B-00C04F79EFBC}") = "PopupButton", "PopupButton\PopupButton.csproj", "{EDA6D13B-7882-4CD5-9921-213ECD6CD073}"
EndProject
Global
	GlobalSection(SolutionConfigurationPlatforms) = preSolution
		Debug|Any CPU = Debug|Any CPU
		Release|Any CPU = Release|Any CPU
	EndGlobalSection
	GlobalSection(ProjectConfigurationPlatforms) = postSolution
		{EDA6D13B-7882-4CD5-9921-213ECD6CD073}.Debug|Any CPU.ActiveCfg = Debug|Any CPU
		{EDA6D13B-7882-4CD5-9921-213ECD6CD073}.Debug|Any CPU.Build.0 = Debug|Any CPU
		{EDA6D13B-7882-4CD5-9921-213ECD6CD073}.Release|Any CPU.ActiveCfg = Release|Any CPU
		{EDA6D13B-7882-4CD5-9921-213ECD6CD073}.Release|Any CPU.Build.0 = Release|Any CPU
	EndGlobalSection
	GlobalSection(SolutionProperties) = preSolution
		HideSolutionNode = FALSE
	EndGlobalSection
	GlobalSection(ExtensibilityGlobals) = postSolution
		SolutionGuid = {230A8442-C3B2-4C25-AC3C-B575E9B41885}
	EndGlobalSection
EndGlobal
