
Microsoft Visual Studio Solution File, Format Version 12.00
# Visual Studio Version 16
VisualStudioVersion = 16.0.29806.167
MinimumVisualStudioVersion = 10.0.40219.1
Project("{FAE04EC0-301F-11D3-BF4B-00C04F79EFBC}") = "CAR", "CAR\CAR.csproj", "{D76752C5-E573-4E3B-8764-3C20647D0CD8}"
EndProject
Global
	GlobalSection(SolutionConfigurationPlatforms) = preSolution
		Debug|Any CPU = Debug|Any CPU
		Release|Any CPU = Release|Any CPU
	EndGlobalSection
	GlobalSection(ProjectConfigurationPlatforms) = postSolution
		{D76752C5-E573-4E3B-8764-3C20647D0CD8}.Debug|Any CPU.ActiveCfg = Debug|Any CPU
		{D76752C5-E573-4E3B-8764-3C20647D0CD8}.Debug|Any CPU.Build.0 = Debug|Any CPU
		{D76752C5-E573-4E3B-8764-3C20647D0CD8}.Release|Any CPU.ActiveCfg = Release|Any CPU
		{D76752C5-E573-4E3B-8764-3C20647D0CD8}.Release|Any CPU.Build.0 = Release|Any CPU
	EndGlobalSection
	GlobalSection(SolutionProperties) = preSolution
		HideSolutionNode = FALSE
	EndGlobalSection
	GlobalSection(ExtensibilityGlobals) = postSolution
		SolutionGuid = {811C85C1-9DB4-4D35-8F9B-777EBDCA7137}
	EndGlobalSection
EndGlobal
