
Microsoft Visual Studio Solution File, Format Version 12.00
# Visual Studio Version 16
VisualStudioVersion = 16.0.29905.134
MinimumVisualStudioVersion = 10.0.40219.1
Project("{FAE04EC0-301F-11D3-BF4B-00C04F79EFBC}") = "Exersice 7", "Exersice 7\Exersice 7.csproj", "{E8D48DC6-3004-4CBA-AF6C-8FD2CE31285A}"
EndProject
Global
	GlobalSection(SolutionConfigurationPlatforms) = preSolution
		Debug|Any CPU = Debug|Any CPU
		Release|Any CPU = Release|Any CPU
	EndGlobalSection
	GlobalSection(ProjectConfigurationPlatforms) = postSolution
		{E8D48DC6-3004-4CBA-AF6C-8FD2CE31285A}.Debug|Any CPU.ActiveCfg = Debug|Any CPU
		{E8D48DC6-3004-4CBA-AF6C-8FD2CE31285A}.Debug|Any CPU.Build.0 = Debug|Any CPU
		{E8D48DC6-3004-4CBA-AF6C-8FD2CE31285A}.Release|Any CPU.ActiveCfg = Release|Any CPU
		{E8D48DC6-3004-4CBA-AF6C-8FD2CE31285A}.Release|Any CPU.Build.0 = Release|Any CPU
	EndGlobalSection
	GlobalSection(SolutionProperties) = preSolution
		HideSolutionNode = FALSE
	EndGlobalSection
	GlobalSection(ExtensibilityGlobals) = postSolution
		SolutionGuid = {5FA079B8-14CD-490F-A14B-6AC67A3A4176}
	EndGlobalSection
EndGlobal
