
Microsoft Visual Studio Solution File, Format Version 12.00
# Visual Studio Version 16
VisualStudioVersion = 16.0.29519.181
MinimumVisualStudioVersion = 10.0.40219.1
Project("{FAE04EC0-301F-11D3-BF4B-00C04F79EFBC}") = "Number of strings", "Number of strings.csproj", "{4DB60E2C-3311-45D5-9C1C-49F12A51BFF8}"
EndProject
Global
	GlobalSection(SolutionConfigurationPlatforms) = preSolution
		Debug|Any CPU = Debug|Any CPU
		Release|Any CPU = Release|Any CPU
	EndGlobalSection
	GlobalSection(ProjectConfigurationPlatforms) = postSolution
		{4DB60E2C-3311-45D5-9C1C-49F12A51BFF8}.Debug|Any CPU.ActiveCfg = Debug|Any CPU
		{4DB60E2C-3311-45D5-9C1C-49F12A51BFF8}.Debug|Any CPU.Build.0 = Debug|Any CPU
		{4DB60E2C-3311-45D5-9C1C-49F12A51BFF8}.Release|Any CPU.ActiveCfg = Release|Any CPU
		{4DB60E2C-3311-45D5-9C1C-49F12A51BFF8}.Release|Any CPU.Build.0 = Release|Any CPU
	EndGlobalSection
	GlobalSection(SolutionProperties) = preSolution
		HideSolutionNode = FALSE
	EndGlobalSection
	GlobalSection(ExtensibilityGlobals) = postSolution
		SolutionGuid = {4B2EAB54-53B7-4594-9687-B17C96251170}
	EndGlobalSection
EndGlobal
